
Microsoft Visual Studio Solution File, Format Version 12.00
# Visual Studio 2013
VisualStudioVersion = 12.0.30324.0
MinimumVisualStudioVersion = 10.0.40219.1
Project("{8BC9CEB8-8B4A-11D0-8D11-00A0C91BC942}") = "OpenGL Framework", "OpenGL Framework.vcxproj", "{64281E72-106D-4718-B43F-14890DE34D68}"
EndProject
Global
	GlobalSection(SolutionConfigurationPlatforms) = preSolution
		Debug|Win32 = Debug|Win32
		Release|Win32 = Release|Win32
		VLD|Win32 = VLD|Win32
	EndGlobalSection
	GlobalSection(ProjectConfigurationPlatforms) = postSolution
		{64281E72-106D-4718-B43F-14890DE34D68}.Debug|Win32.ActiveCfg = Debug|Win32
		{64281E72-106D-4718-B43F-14890DE34D68}.Debug|Win32.Build.0 = Debug|Win32
		{64281E72-106D-4718-B43F-14890DE34D68}.Release|Win32.ActiveCfg = Release|Win32
		{64281E72-106D-4718-B43F-14890DE34D68}.Release|Win32.Build.0 = Release|Win32
		{64281E72-106D-4718-B43F-14890DE34D68}.VLD|Win32.ActiveCfg = VLD|Win32
		{64281E72-106D-4718-B43F-14890DE34D68}.VLD|Win32.Build.0 = VLD|Win32
	EndGlobalSection
	GlobalSection(SolutionProperties) = preSolution
		HideSolutionNode = FALSE
	EndGlobalSection
EndGlobal
